
Microsoft Visual Studio Solution File, Format Version 12.00
# Visual Studio Version 17
VisualStudioVersion = 17.1.32210.238
MinimumVisualStudioVersion = 10.0.40219.1
Project("{FAE04EC0-301F-11D3-BF4B-00C04F79EFBC}") = "Dziennik_Online_Backend", "Dziennik_Online_Backend\Dziennik_Online_Backend.csproj", "{9404D0E3-59EB-4F3B-8B0D-62966F1077EB}"
EndProject
Global
	GlobalSection(SolutionConfigurationPlatforms) = preSolution
		Debug|Any CPU = Debug|Any CPU
		Release|Any CPU = Release|Any CPU
	EndGlobalSection
	GlobalSection(ProjectConfigurationPlatforms) = postSolution
		{9404D0E3-59EB-4F3B-8B0D-62966F1077EB}.Debug|Any CPU.ActiveCfg = Debug|Any CPU
		{9404D0E3-59EB-4F3B-8B0D-62966F1077EB}.Debug|Any CPU.Build.0 = Debug|Any CPU
		{9404D0E3-59EB-4F3B-8B0D-62966F1077EB}.Release|Any CPU.ActiveCfg = Release|Any CPU
		{9404D0E3-59EB-4F3B-8B0D-62966F1077EB}.Release|Any CPU.Build.0 = Release|Any CPU
	EndGlobalSection
	GlobalSection(SolutionProperties) = preSolution
		HideSolutionNode = FALSE
	EndGlobalSection
	GlobalSection(ExtensibilityGlobals) = postSolution
		SolutionGuid = {E26AD4D8-86D2-4C65-A9D0-047D8C947152}
	EndGlobalSection
EndGlobal
