
Microsoft Visual Studio Solution File, Format Version 12.00
# Visual Studio Version 17
VisualStudioVersion = 17.1.32210.238
MinimumVisualStudioVersion = 10.0.40219.1
Project("{FAE04EC0-301F-11D3-BF4B-00C04F79EFBC}") = "Dziennik_Online_Backend", "Dziennik_Online_Backend\Dziennik_Online_Backend.csproj", "{884B3978-A214-42A7-ACFF-7E3411C10CE9}"
EndProject
Global
	GlobalSection(SolutionConfigurationPlatforms) = preSolution
		Debug|Any CPU = Debug|Any CPU
		Release|Any CPU = Release|Any CPU
	EndGlobalSection
	GlobalSection(ProjectConfigurationPlatforms) = postSolution
		{884B3978-A214-42A7-ACFF-7E3411C10CE9}.Debug|Any CPU.ActiveCfg = Debug|Any CPU
		{884B3978-A214-42A7-ACFF-7E3411C10CE9}.Debug|Any CPU.Build.0 = Debug|Any CPU
		{884B3978-A214-42A7-ACFF-7E3411C10CE9}.Release|Any CPU.ActiveCfg = Release|Any CPU
		{884B3978-A214-42A7-ACFF-7E3411C10CE9}.Release|Any CPU.Build.0 = Release|Any CPU
	EndGlobalSection
	GlobalSection(SolutionProperties) = preSolution
		HideSolutionNode = FALSE
	EndGlobalSection
	GlobalSection(ExtensibilityGlobals) = postSolution
		SolutionGuid = {26BC63A1-A038-497A-B526-491F30FF079E}
	EndGlobalSection
EndGlobal
